
Microsoft Visual Studio Solution File, Format Version 12.00
# Visual Studio Version 16
VisualStudioVersion = 16.0.31624.102
MinimumVisualStudioVersion = 10.0.40219.1
Project("{FAE04EC0-301F-11D3-BF4B-00C04F79EFBC}") = "Inheritance", "Inheritance.csproj", "{1B76C6EB-A430-4EFC-906C-AC0F4E7DBDA0}"
EndProject
Global
	GlobalSection(SolutionConfigurationPlatforms) = preSolution
		Debug|Any CPU = Debug|Any CPU
		Release|Any CPU = Release|Any CPU
	EndGlobalSection
	GlobalSection(ProjectConfigurationPlatforms) = postSolution
		{1B76C6EB-A430-4EFC-906C-AC0F4E7DBDA0}.Debug|Any CPU.ActiveCfg = Debug|Any CPU
		{1B76C6EB-A430-4EFC-906C-AC0F4E7DBDA0}.Debug|Any CPU.Build.0 = Debug|Any CPU
		{1B76C6EB-A430-4EFC-906C-AC0F4E7DBDA0}.Release|Any CPU.ActiveCfg = Release|Any CPU
		{1B76C6EB-A430-4EFC-906C-AC0F4E7DBDA0}.Release|Any CPU.Build.0 = Release|Any CPU
	EndGlobalSection
	GlobalSection(SolutionProperties) = preSolution
		HideSolutionNode = FALSE
	EndGlobalSection
	GlobalSection(ExtensibilityGlobals) = postSolution
		SolutionGuid = {0B8F557F-5BF3-46A5-91E0-34FEEB68060C}
	EndGlobalSection
EndGlobal
